
Microsoft Visual Studio Solution File, Format Version 11.00
# Visual Studio 2010
Project("{8BC9CEB8-8B4A-11D0-8D11-00A0C91BC942}") = "NoName001", "NoName001\NoName001.vcxproj", "{9D4F97B6-7EAD-4799-A784-D55BB9A34E6B}"
EndProject
Global
	GlobalSection(SolutionConfigurationPlatforms) = preSolution
		Debug|Win32 = Debug|Win32
		Release|Win32 = Release|Win32
	EndGlobalSection
	GlobalSection(ProjectConfigurationPlatforms) = postSolution
		{9D4F97B6-7EAD-4799-A784-D55BB9A34E6B}.Debug|Win32.ActiveCfg = Debug|Win32
		{9D4F97B6-7EAD-4799-A784-D55BB9A34E6B}.Debug|Win32.Build.0 = Debug|Win32
		{9D4F97B6-7EAD-4799-A784-D55BB9A34E6B}.Release|Win32.ActiveCfg = Release|Win32
		{9D4F97B6-7EAD-4799-A784-D55BB9A34E6B}.Release|Win32.Build.0 = Release|Win32
	EndGlobalSection
	GlobalSection(SolutionProperties) = preSolution
		HideSolutionNode = FALSE
	EndGlobalSection
EndGlobal
